schema: '2.0'
stages:
  download:
    cmd: python -m mlops_vera.dataset
    deps:
    - path: mlops_vera/config.py
      hash: md5
      md5: 96018a1431a0cc2b6bd25acd02c0e9f3
      size: 1624
    - path: mlops_vera/dataset.py
      hash: md5
      md5: b0788c2fd8241371978383ad7716a0da
      size: 5462
    params:
      params.yaml:
        data:
          repo_id: Rajarshi-Roy-research/Defactify_Image_Dataset
          revision: 787334f7857fa54f29027a7f09c30e895ad486ef
          n_captions: 800
          complete_only: true
          seed: 42
    outs:
    - path: data/raw/defactify
      hash: md5
      md5: 0ae7bdd3d32154856d0562ea1eb554a5.dir
      size: 609772333
      nfiles: 7736
  preprocess:
    cmd: python -m mlops_vera.features
    deps:
    - path: data/raw/defactify
      hash: md5
      md5: 0ae7bdd3d32154856d0562ea1eb554a5.dir
      size: 609772333
      nfiles: 7736
    - path: mlops_vera/config.py
      hash: md5
      md5: 96018a1431a0cc2b6bd25acd02c0e9f3
      size: 1624
    - path: mlops_vera/features.py
      hash: md5
      md5: ab7326f214c39d5686643539488f207e
      size: 1983
    params:
      params.yaml:
        preprocess:
          img_size: 224
          jpeg_quality: 90
    outs:
    - path: data/processed/defactify_224
      hash: md5
      md5: 67f99c4b31dcf1f9701d4937ef738fa2.dir
      size: 131333034
      nfiles: 7735
  split:
    cmd: python -m mlops_vera.split
    deps:
    - path: data/processed/defactify_224
      hash: md5
      md5: 67f99c4b31dcf1f9701d4937ef738fa2.dir
      size: 131333034
      nfiles: 7735
    - path: mlops_vera/config.py
      hash: md5
      md5: 96018a1431a0cc2b6bd25acd02c0e9f3
      size: 1624
    - path: mlops_vera/split.py
      hash: md5
      md5: e63f2994d155ab2810452e2818d75d81
      size: 2845
    params:
      params.yaml:
        split:
          train: 0.7
          val: 0.15
          test: 0.15
          seed: 42
    outs:
    - path: data/processed/splits
      hash: md5
      md5: d251caf379d9996e995eee59ff9983b0.dir
      size: 1074722
      nfiles: 3
    - path: reports/metrics/split_summary.json
      hash: md5
      md5: b87e913b83b324d04f4799e1967edbf1
      size: 295
  embed:
    cmd: python -m mlops_vera.modeling.embed
    deps:
    - path: data/processed/defactify_224
      hash: md5
      md5: 67f99c4b31dcf1f9701d4937ef738fa2.dir
      size: 131333034
      nfiles: 7735
    - path: data/processed/splits
      hash: md5
      md5: d251caf379d9996e995eee59ff9983b0.dir
      size: 1074722
      nfiles: 3
    - path: mlops_vera/config.py
      hash: md5
      md5: 96018a1431a0cc2b6bd25acd02c0e9f3
      size: 1624
    - path: mlops_vera/modeling/embed.py
      hash: md5
      md5: aae1bceedb11489fe377d1a96dddf2a8
      size: 5934
    params:
      params.yaml:
        embed:
          backbone: clip_vit_b_32
          batch_size: 64
    outs:
    - path: data/processed/embeddings
      hash: md5
      md5: 7555c32ba49cc55ecfe988caa564b3ad.dir
      size: 16956065
      nfiles: 4
  train:
    cmd: python -m mlops_vera.modeling.train
    deps:
    - path: data/processed/embeddings
      hash: md5
      md5: 7555c32ba49cc55ecfe988caa564b3ad.dir
      size: 16956065
      nfiles: 4
    - path: mlops_vera/config.py
      hash: md5
      md5: 96018a1431a0cc2b6bd25acd02c0e9f3
      size: 1624
    - path: mlops_vera/modeling/train.py
      hash: md5
      md5: edfc2ec7f592c6a703e2c391b084d32a
      size: 8883
    params:
      params.yaml:
        train:
          C: 0.01
          class_weight: balanced
          max_iter: 1000
          seed: 42
    outs:
    - path: models/classifier.joblib
      hash: md5
      md5: a072bc587f8bdb509ff9e149a8b76fc8
      size: 16024
    - path: reports/metrics/train_metrics.json
      hash: md5
      md5: 70567dd84ceb507946078d701c0e18fe
      size: 932
  logo@sd21:
    cmd: python -m mlops_vera.modeling.logo sd21
    deps:
    - path: data/processed/embeddings
      hash: md5
      md5: 7555c32ba49cc55ecfe988caa564b3ad.dir
      size: 16956065
      nfiles: 4
    - path: data/processed/splits
      hash: md5
      md5: d251caf379d9996e995eee59ff9983b0.dir
      size: 1074722
      nfiles: 3
    - path: mlops_vera/config.py
      hash: md5
      md5: 96018a1431a0cc2b6bd25acd02c0e9f3
      size: 1624
    - path: mlops_vera/modeling/captions.py
      hash: md5
      md5: f2fcd746d07d22d50c4bce8a0ec01987
      size: 776
    - path: mlops_vera/modeling/logo.py
      hash: md5
      md5: 00a538d46b2d275eac74fe212c72da43
      size: 6091
    - path: mlops_vera/modeling/train.py
      hash: md5
      md5: edfc2ec7f592c6a703e2c391b084d32a
      size: 8883
    params:
      params.yaml:
        logo.n_bootstrap: 1000
        logo.seed: 42
        train:
          C: 0.01
          class_weight: balanced
          max_iter: 1000
          seed: 42
    outs:
    - path: reports/metrics/logo/sd21.json
      hash: md5
      md5: 881b3b5815af976b77f495462d1cf6d7
      size: 871
  logo@sdxl:
    cmd: python -m mlops_vera.modeling.logo sdxl
    deps:
    - path: data/processed/embeddings
      hash: md5
      md5: 7555c32ba49cc55ecfe988caa564b3ad.dir
      size: 16956065
      nfiles: 4
    - path: data/processed/splits
      hash: md5
      md5: d251caf379d9996e995eee59ff9983b0.dir
      size: 1074722
      nfiles: 3
    - path: mlops_vera/config.py
      hash: md5
      md5: 96018a1431a0cc2b6bd25acd02c0e9f3
      size: 1624
    - path: mlops_vera/modeling/captions.py
      hash: md5
      md5: f2fcd746d07d22d50c4bce8a0ec01987
      size: 776
    - path: mlops_vera/modeling/logo.py
      hash: md5
      md5: 00a538d46b2d275eac74fe212c72da43
      size: 6091
    - path: mlops_vera/modeling/train.py
      hash: md5
      md5: edfc2ec7f592c6a703e2c391b084d32a
      size: 8883
    params:
      params.yaml:
        logo.n_bootstrap: 1000
        logo.seed: 42
        train:
          C: 0.01
          class_weight: balanced
          max_iter: 1000
          seed: 42
    outs:
    - path: reports/metrics/logo/sdxl.json
      hash: md5
      md5: ed9c714d219a1e07e3a685b1760ccbd7
      size: 871
  logo@sd3:
    cmd: python -m mlops_vera.modeling.logo sd3
    deps:
    - path: data/processed/embeddings
      hash: md5
      md5: 7555c32ba49cc55ecfe988caa564b3ad.dir
      size: 16956065
      nfiles: 4
    - path: data/processed/splits
      hash: md5
      md5: d251caf379d9996e995eee59ff9983b0.dir
      size: 1074722
      nfiles: 3
    - path: mlops_vera/config.py
      hash: md5
      md5: 96018a1431a0cc2b6bd25acd02c0e9f3
      size: 1624
    - path: mlops_vera/modeling/captions.py
      hash: md5
      md5: f2fcd746d07d22d50c4bce8a0ec01987
      size: 776
    - path: mlops_vera/modeling/logo.py
      hash: md5
      md5: 00a538d46b2d275eac74fe212c72da43
      size: 6091
    - path: mlops_vera/modeling/train.py
      hash: md5
      md5: edfc2ec7f592c6a703e2c391b084d32a
      size: 8883
    params:
      params.yaml:
        logo.n_bootstrap: 1000
        logo.seed: 42
        train:
          C: 0.01
          class_weight: balanced
          max_iter: 1000
          seed: 42
    outs:
    - path: reports/metrics/logo/sd3.json
      hash: md5
      md5: a57b48909cad0390e949ce0bf23e64e5
      size: 867
  logo@dalle3:
    cmd: python -m mlops_vera.modeling.logo dalle3
    deps:
    - path: data/processed/embeddings
      hash: md5
      md5: 7555c32ba49cc55ecfe988caa564b3ad.dir
      size: 16956065
      nfiles: 4
    - path: data/processed/splits
      hash: md5
      md5: d251caf379d9996e995eee59ff9983b0.dir
      size: 1074722
      nfiles: 3
    - path: mlops_vera/config.py
      hash: md5
      md5: 96018a1431a0cc2b6bd25acd02c0e9f3
      size: 1624
    - path: mlops_vera/modeling/captions.py
      hash: md5
      md5: f2fcd746d07d22d50c4bce8a0ec01987
      size: 776
    - path: mlops_vera/modeling/logo.py
      hash: md5
      md5: 00a538d46b2d275eac74fe212c72da43
      size: 6091
    - path: mlops_vera/modeling/train.py
      hash: md5
      md5: edfc2ec7f592c6a703e2c391b084d32a
      size: 8883
    params:
      params.yaml:
        logo.n_bootstrap: 1000
        logo.seed: 42
        train:
          C: 0.01
          class_weight: balanced
          max_iter: 1000
          seed: 42
    outs:
    - path: reports/metrics/logo/dalle3.json
      hash: md5
      md5: 59c006cf51f88d2e91002a828c15525f
      size: 872
  logo@midjourney:
    cmd: python -m mlops_vera.modeling.logo midjourney
    deps:
    - path: data/processed/embeddings
      hash: md5
      md5: 7555c32ba49cc55ecfe988caa564b3ad.dir
      size: 16956065
      nfiles: 4
    - path: data/processed/splits
      hash: md5
      md5: d251caf379d9996e995eee59ff9983b0.dir
      size: 1074722
      nfiles: 3
    - path: mlops_vera/config.py
      hash: md5
      md5: 96018a1431a0cc2b6bd25acd02c0e9f3
      size: 1624
    - path: mlops_vera/modeling/captions.py
      hash: md5
      md5: f2fcd746d07d22d50c4bce8a0ec01987
      size: 776
    - path: mlops_vera/modeling/logo.py
      hash: md5
      md5: 00a538d46b2d275eac74fe212c72da43
      size: 6091
    - path: mlops_vera/modeling/train.py
      hash: md5
      md5: edfc2ec7f592c6a703e2c391b084d32a
      size: 8883
    params:
      params.yaml:
        logo.n_bootstrap: 1000
        logo.seed: 42
        train:
          C: 0.01
          class_weight: balanced
          max_iter: 1000
          seed: 42
    outs:
    - path: reports/metrics/logo/midjourney.json
      hash: md5
      md5: f504286044dc33fe122dbebe383a3a72
      size: 870
  logo_summary:
    cmd: python -m mlops_vera.modeling.logo_summary
    deps:
    - path: mlops_vera/config.py
      hash: md5
      md5: 96018a1431a0cc2b6bd25acd02c0e9f3
      size: 1624
    - path: mlops_vera/modeling/logo_summary.py
      hash: md5
      md5: f252b48bc73d4ab4a71603b15f66f7b9
      size: 1862
    - path: reports/metrics/logo/dalle3.json
      hash: md5
      md5: 59c006cf51f88d2e91002a828c15525f
      size: 872
    - path: reports/metrics/logo/midjourney.json
      hash: md5
      md5: f504286044dc33fe122dbebe383a3a72
      size: 870
    - path: reports/metrics/logo/sd21.json
      hash: md5
      md5: 881b3b5815af976b77f495462d1cf6d7
      size: 871
    - path: reports/metrics/logo/sd3.json
      hash: md5
      md5: a57b48909cad0390e949ce0bf23e64e5
      size: 867
    - path: reports/metrics/logo/sdxl.json
      hash: md5
      md5: ed9c714d219a1e07e3a685b1760ccbd7
      size: 871
    params:
      params.yaml:
        logo.holdout:
        - sd21
        - sdxl
        - sd3
        - dalle3
        - midjourney
        logo.target_balanced_accuracy: 0.7
    outs:
    - path: reports/metrics/logo_summary.json
      hash: md5
      md5: d309fb9a06e3d2fcd3c09987036b3af8
      size: 179
    - path: reports/metrics/logo_table.csv
      hash: md5
      md5: 4edb0aeb8122ee0e45004de140b18531
      size: 1017
  learning_curve:
    cmd: python -m mlops_vera.modeling.learning_curve
    deps:
    - path: data/processed/embeddings
      hash: md5
      md5: 7555c32ba49cc55ecfe988caa564b3ad.dir
      size: 16956065
      nfiles: 4
    - path: data/processed/splits
      hash: md5
      md5: d251caf379d9996e995eee59ff9983b0.dir
      size: 1074722
      nfiles: 3
    - path: mlops_vera/config.py
      hash: md5
      md5: 96018a1431a0cc2b6bd25acd02c0e9f3
      size: 1624
    - path: mlops_vera/modeling/captions.py
      hash: md5
      md5: f2fcd746d07d22d50c4bce8a0ec01987
      size: 776
    - path: mlops_vera/modeling/learning_curve.py
      hash: md5
      md5: 74b39019cac41a73cb216e0cf2f14c35
      size: 3456
    - path: mlops_vera/modeling/train.py
      hash: md5
      md5: edfc2ec7f592c6a703e2c391b084d32a
      size: 8883
    params:
      params.yaml:
        learning_curve:
          fractions:
          - 0.1
          - 0.25
          - 0.5
          - 0.75
          - 1.0
          n_seeds: 5
        train:
          C: 0.01
          class_weight: balanced
          max_iter: 1000
          seed: 42
    outs:
    - path: reports/metrics/learning_curve.csv
      hash: md5
      md5: 9104666e06d72b17dd0f69ca11edaf6f
      size: 948
  image_metadata:
    cmd: python -m mlops_vera.metadata
    deps:
    - path: data/processed/defactify_224
      hash: md5
      md5: 67f99c4b31dcf1f9701d4937ef738fa2.dir
      size: 131333034
      nfiles: 7735
    - path: data/processed/splits
      hash: md5
      md5: d251caf379d9996e995eee59ff9983b0.dir
      size: 1074722
      nfiles: 3
    - path: data/raw/defactify
      hash: md5
      md5: 0ae7bdd3d32154856d0562ea1eb554a5.dir
      size: 609772333
      nfiles: 7736
    - path: mlops_vera/config.py
      hash: md5
      md5: 96018a1431a0cc2b6bd25acd02c0e9f3
      size: 1624
    - path: mlops_vera/metadata.py
      hash: md5
      md5: 57b47b4a7323a5476768e52f8a7aaa3b
      size: 4151
    outs:
    - path: data/interim/image_metadata.csv
      hash: md5
      md5: 0133c342aaa8f090d32b2d1e195a9f18
      size: 1833133
  validate_data:
    cmd: python -m mlops_vera.validate
    deps:
    - path: data/interim/image_metadata.csv
      hash: md5
      md5: 0133c342aaa8f090d32b2d1e195a9f18
      size: 1833133
    - path: data/raw/defactify/source.json
      hash: md5
      md5: b80efe5d135a3dec6e7446d43411d536
      size: 146
    - path: mlops_vera/config.py
      hash: md5
      md5: 96018a1431a0cc2b6bd25acd02c0e9f3
      size: 1624
    - path: mlops_vera/metadata.py
      hash: md5
      md5: 57b47b4a7323a5476768e52f8a7aaa3b
      size: 4151
    - path: mlops_vera/validate.py
      hash: md5
      md5: 7ce840b16e3293134ebeb67e38ec2700
      size: 13413
    params:
      params.yaml:
        preprocess.img_size: 224
        split:
          train: 0.7
          val: 0.15
          test: 0.15
          seed: 42
        validate:
          raw_size_range:
          - 64
          - 4096
          min_file_kb: 1.0
          brightness_range:
          - 5
          - 250
          min_contrast: 4.0
          ai_share_range:
          - 0.8
          - 0.87
          real_share_range:
          - 0.12
          - 0.22
          max_split_share_deviation: 0.02
          max_shortcut_auc: 0.6
    outs:
    - path: reports/metrics/data_validation.json
      hash: md5
      md5: e8d97d32f183640097aa0e02eac2d088
      size: 615
