schema: '2.0'
stages:
  download:
    cmd: python -m mlops_vera.dataset
    deps:
    - path: mlops_vera/dataset.py
      hash: md5
      md5: dc62d5ddc0acd17e5b260684533a6694
      size: 5307
    params:
      params.yaml:
        data:
          repo_id: Rajarshi-Roy-research/Defactify_Image_Dataset
          revision: 787334f7857fa54f29027a7f09c30e895ad486ef
          n_captions: 800
          complete_only: true
          seed: 42
    outs:
    - path: data/raw/defactify
      hash: md5
      md5: 0ae7bdd3d32154856d0562ea1eb554a5.dir
      size: 609772333
      nfiles: 7736
  preprocess:
    cmd: python -m mlops_vera.features
    deps:
    - path: data/raw/defactify
      hash: md5
      md5: 0ae7bdd3d32154856d0562ea1eb554a5.dir
      size: 609772333
      nfiles: 7736
    - path: mlops_vera/features.py
      hash: md5
      md5: f8f952ff0c2cabc072ff4d1a4df50506
      size: 1901
    params:
      params.yaml:
        preprocess:
          img_size: 224
          jpeg_quality: 90
    outs:
    - path: data/processed/defactify_224
      hash: md5
      md5: 67f99c4b31dcf1f9701d4937ef738fa2.dir
      size: 131333034
      nfiles: 7735
  split:
    cmd: python -m mlops_vera.split
    deps:
    - path: data/processed/defactify_224
      hash: md5
      md5: 67f99c4b31dcf1f9701d4937ef738fa2.dir
      size: 131333034
      nfiles: 7735
    - path: mlops_vera/split.py
      hash: md5
      md5: 645afbf0672994e3e7a20dc1e8cbf290
      size: 2614
    params:
      params.yaml:
        split:
          train: 0.7
          val: 0.15
          test: 0.15
          seed: 42
    outs:
    - path: data/processed/splits
      hash: md5
      md5: d251caf379d9996e995eee59ff9983b0.dir
      size: 1074722
      nfiles: 3
    - path: reports/metrics/split_summary.json
      hash: md5
      md5: b87e913b83b324d04f4799e1967edbf1
      size: 295
  embed:
    cmd: python -m mlops_vera.modeling.embed
    deps:
    - path: data/processed/defactify_224
      hash: md5
      md5: 67f99c4b31dcf1f9701d4937ef738fa2.dir
      size: 131333034
      nfiles: 7735
    - path: data/processed/splits
      hash: md5
      md5: d251caf379d9996e995eee59ff9983b0.dir
      size: 1074722
      nfiles: 3
    - path: mlops_vera/modeling/embed.py
      hash: md5
      md5: e981dc978338fb127db6cdae045f18ae
      size: 5769
    params:
      params.yaml:
        embed:
          backbone: resnet50
          batch_size: 64
    outs:
    - path: data/processed/embeddings
      hash: md5
      md5: e8398a37def1cb991f07d6dd374bc001.dir
      size: 64473752
      nfiles: 4
  train:
    cmd: python -m mlops_vera.modeling.train
    deps:
    - path: data/processed/embeddings
      hash: md5
      md5: e8398a37def1cb991f07d6dd374bc001.dir
      size: 64473752
      nfiles: 4
    - path: mlops_vera/modeling/train.py
      hash: md5
      md5: e42e0019ac5e37a48cd07a7c77e22b0b
      size: 7478
    params:
      params.yaml:
        train:
          C: 1.0
          class_weight: balanced
          max_iter: 1000
          seed: 42
    outs:
    - path: models/classifier.joblib
      hash: md5
      md5: 87423b0d049d00aeec0c2e433a3ceb03
      size: 58793
    - path: reports/metrics/train_metrics.json
      hash: md5
      md5: 23dff30ab3afe1578501c113968c344d
      size: 886
