schema: '2.0'
stages:
  download:
    cmd: python -m mlops_vera.dataset
    deps:
    - path: mlops_vera/config.py
      hash: md5
      md5: e4ab3df7df83b24b22e9c8ddc5c00710
      size: 1556
    - path: mlops_vera/dataset.py
      hash: md5
      md5: dc62d5ddc0acd17e5b260684533a6694
      size: 5307
    params:
      params.yaml:
        data:
          repo_id: Rajarshi-Roy-research/Defactify_Image_Dataset
          revision: 787334f7857fa54f29027a7f09c30e895ad486ef
          n_captions: 800
          complete_only: true
          seed: 42
    outs:
    - path: data/raw/defactify
      hash: md5
      md5: 0ae7bdd3d32154856d0562ea1eb554a5.dir
      size: 609772333
      nfiles: 7736
  preprocess:
    cmd: python -m mlops_vera.features
    deps:
    - path: data/raw/defactify
      hash: md5
      md5: 0ae7bdd3d32154856d0562ea1eb554a5.dir
      size: 609772333
      nfiles: 7736
    - path: mlops_vera/config.py
      hash: md5
      md5: e4ab3df7df83b24b22e9c8ddc5c00710
      size: 1556
    - path: mlops_vera/features.py
      hash: md5
      md5: f8f952ff0c2cabc072ff4d1a4df50506
      size: 1901
    params:
      params.yaml:
        preprocess:
          img_size: 224
          jpeg_quality: 90
    outs:
    - path: data/processed/defactify_224
      hash: md5
      md5: 67f99c4b31dcf1f9701d4937ef738fa2.dir
      size: 131333034
      nfiles: 7735
  split:
    cmd: python -m mlops_vera.split
    deps:
    - path: data/processed/defactify_224
      hash: md5
      md5: 67f99c4b31dcf1f9701d4937ef738fa2.dir
      size: 131333034
      nfiles: 7735
    - path: mlops_vera/config.py
      hash: md5
      md5: e4ab3df7df83b24b22e9c8ddc5c00710
      size: 1556
    - path: mlops_vera/split.py
      hash: md5
      md5: 645afbf0672994e3e7a20dc1e8cbf290
      size: 2614
    params:
      params.yaml:
        split:
          train: 0.7
          val: 0.15
          test: 0.15
          seed: 42
    outs:
    - path: data/processed/splits
      hash: md5
      md5: d251caf379d9996e995eee59ff9983b0.dir
      size: 1074722
      nfiles: 3
    - path: reports/metrics/split_summary.json
      hash: md5
      md5: b87e913b83b324d04f4799e1967edbf1
      size: 295
  embed:
    cmd: python -m mlops_vera.modeling.embed
    deps:
    - path: data/processed/defactify_224
      hash: md5
      md5: 67f99c4b31dcf1f9701d4937ef738fa2.dir
      size: 131333034
      nfiles: 7735
    - path: data/processed/splits
      hash: md5
      md5: d251caf379d9996e995eee59ff9983b0.dir
      size: 1074722
      nfiles: 3
    - path: mlops_vera/config.py
      hash: md5
      md5: e4ab3df7df83b24b22e9c8ddc5c00710
      size: 1556
    - path: mlops_vera/modeling/embed.py
      hash: md5
      md5: e981dc978338fb127db6cdae045f18ae
      size: 5769
    params:
      params.yaml:
        embed:
          backbone: clip_vit_b_32
          batch_size: 64
    outs:
    - path: data/processed/embeddings
      hash: md5
      md5: 7555c32ba49cc55ecfe988caa564b3ad.dir
      size: 16956065
      nfiles: 4
  train:
    cmd: python -m mlops_vera.modeling.train
    deps:
    - path: data/processed/embeddings
      hash: md5
      md5: 7555c32ba49cc55ecfe988caa564b3ad.dir
      size: 16956065
      nfiles: 4
    - path: mlops_vera/config.py
      hash: md5
      md5: e4ab3df7df83b24b22e9c8ddc5c00710
      size: 1556
    - path: mlops_vera/modeling/train.py
      hash: md5
      md5: 3927673c05d9fe8b602a9c2ec9ac57f5
      size: 8339
    params:
      params.yaml:
        train:
          C: 0.01
          class_weight: balanced
          max_iter: 1000
          seed: 42
    outs:
    - path: models/classifier.joblib
      hash: md5
      md5: a072bc587f8bdb509ff9e149a8b76fc8
      size: 16024
    - path: reports/metrics/train_metrics.json
      hash: md5
      md5: 70567dd84ceb507946078d701c0e18fe
      size: 932
  logo@sd21:
    cmd: python -m mlops_vera.modeling.logo sd21
    deps:
    - path: data/processed/embeddings
      hash: md5
      md5: 7555c32ba49cc55ecfe988caa564b3ad.dir
      size: 16956065
      nfiles: 4
    - path: data/processed/splits
      hash: md5
      md5: d251caf379d9996e995eee59ff9983b0.dir
      size: 1074722
      nfiles: 3
    - path: mlops_vera/config.py
      hash: md5
      md5: e4ab3df7df83b24b22e9c8ddc5c00710
      size: 1556
    - path: mlops_vera/modeling/captions.py
      hash: md5
      md5: f2fcd746d07d22d50c4bce8a0ec01987
      size: 776
    - path: mlops_vera/modeling/logo.py
      hash: md5
      md5: 8f9fb33c48b0f50236f7a6796345b15d
      size: 6119
    - path: mlops_vera/modeling/train.py
      hash: md5
      md5: 3927673c05d9fe8b602a9c2ec9ac57f5
      size: 8339
    params:
      params.yaml:
        logo.n_bootstrap: 1000
        logo.seed: 42
        train:
          C: 0.01
          class_weight: balanced
          max_iter: 1000
          seed: 42
    outs:
    - path: reports/metrics/logo/sd21.json
      hash: md5
      md5: 881b3b5815af976b77f495462d1cf6d7
      size: 871
  logo@sdxl:
    cmd: python -m mlops_vera.modeling.logo sdxl
    deps:
    - path: data/processed/embeddings
      hash: md5
      md5: 7555c32ba49cc55ecfe988caa564b3ad.dir
      size: 16956065
      nfiles: 4
    - path: data/processed/splits
      hash: md5
      md5: d251caf379d9996e995eee59ff9983b0.dir
      size: 1074722
      nfiles: 3
    - path: mlops_vera/config.py
      hash: md5
      md5: e4ab3df7df83b24b22e9c8ddc5c00710
      size: 1556
    - path: mlops_vera/modeling/captions.py
      hash: md5
      md5: f2fcd746d07d22d50c4bce8a0ec01987
      size: 776
    - path: mlops_vera/modeling/logo.py
      hash: md5
      md5: 8f9fb33c48b0f50236f7a6796345b15d
      size: 6119
    - path: mlops_vera/modeling/train.py
      hash: md5
      md5: 3927673c05d9fe8b602a9c2ec9ac57f5
      size: 8339
    params:
      params.yaml:
        logo.n_bootstrap: 1000
        logo.seed: 42
        train:
          C: 0.01
          class_weight: balanced
          max_iter: 1000
          seed: 42
    outs:
    - path: reports/metrics/logo/sdxl.json
      hash: md5
      md5: ed9c714d219a1e07e3a685b1760ccbd7
      size: 871
  logo@sd3:
    cmd: python -m mlops_vera.modeling.logo sd3
    deps:
    - path: data/processed/embeddings
      hash: md5
      md5: 7555c32ba49cc55ecfe988caa564b3ad.dir
      size: 16956065
      nfiles: 4
    - path: data/processed/splits
      hash: md5
      md5: d251caf379d9996e995eee59ff9983b0.dir
      size: 1074722
      nfiles: 3
    - path: mlops_vera/config.py
      hash: md5
      md5: e4ab3df7df83b24b22e9c8ddc5c00710
      size: 1556
    - path: mlops_vera/modeling/captions.py
      hash: md5
      md5: f2fcd746d07d22d50c4bce8a0ec01987
      size: 776
    - path: mlops_vera/modeling/logo.py
      hash: md5
      md5: 8f9fb33c48b0f50236f7a6796345b15d
      size: 6119
    - path: mlops_vera/modeling/train.py
      hash: md5
      md5: 3927673c05d9fe8b602a9c2ec9ac57f5
      size: 8339
    params:
      params.yaml:
        logo.n_bootstrap: 1000
        logo.seed: 42
        train:
          C: 0.01
          class_weight: balanced
          max_iter: 1000
          seed: 42
    outs:
    - path: reports/metrics/logo/sd3.json
      hash: md5
      md5: a57b48909cad0390e949ce0bf23e64e5
      size: 867
  logo@dalle3:
    cmd: python -m mlops_vera.modeling.logo dalle3
    deps:
    - path: data/processed/embeddings
      hash: md5
      md5: 7555c32ba49cc55ecfe988caa564b3ad.dir
      size: 16956065
      nfiles: 4
    - path: data/processed/splits
      hash: md5
      md5: d251caf379d9996e995eee59ff9983b0.dir
      size: 1074722
      nfiles: 3
    - path: mlops_vera/config.py
      hash: md5
      md5: e4ab3df7df83b24b22e9c8ddc5c00710
      size: 1556
    - path: mlops_vera/modeling/captions.py
      hash: md5
      md5: f2fcd746d07d22d50c4bce8a0ec01987
      size: 776
    - path: mlops_vera/modeling/logo.py
      hash: md5
      md5: 8f9fb33c48b0f50236f7a6796345b15d
      size: 6119
    - path: mlops_vera/modeling/train.py
      hash: md5
      md5: 3927673c05d9fe8b602a9c2ec9ac57f5
      size: 8339
    params:
      params.yaml:
        logo.n_bootstrap: 1000
        logo.seed: 42
        train:
          C: 0.01
          class_weight: balanced
          max_iter: 1000
          seed: 42
    outs:
    - path: reports/metrics/logo/dalle3.json
      hash: md5
      md5: 59c006cf51f88d2e91002a828c15525f
      size: 872
  logo@midjourney:
    cmd: python -m mlops_vera.modeling.logo midjourney
    deps:
    - path: data/processed/embeddings
      hash: md5
      md5: 7555c32ba49cc55ecfe988caa564b3ad.dir
      size: 16956065
      nfiles: 4
    - path: data/processed/splits
      hash: md5
      md5: d251caf379d9996e995eee59ff9983b0.dir
      size: 1074722
      nfiles: 3
    - path: mlops_vera/config.py
      hash: md5
      md5: e4ab3df7df83b24b22e9c8ddc5c00710
      size: 1556
    - path: mlops_vera/modeling/captions.py
      hash: md5
      md5: f2fcd746d07d22d50c4bce8a0ec01987
      size: 776
    - path: mlops_vera/modeling/logo.py
      hash: md5
      md5: 8f9fb33c48b0f50236f7a6796345b15d
      size: 6119
    - path: mlops_vera/modeling/train.py
      hash: md5
      md5: 3927673c05d9fe8b602a9c2ec9ac57f5
      size: 8339
    params:
      params.yaml:
        logo.n_bootstrap: 1000
        logo.seed: 42
        train:
          C: 0.01
          class_weight: balanced
          max_iter: 1000
          seed: 42
    outs:
    - path: reports/metrics/logo/midjourney.json
      hash: md5
      md5: f504286044dc33fe122dbebe383a3a72
      size: 870
  logo_summary:
    cmd: python -m mlops_vera.modeling.logo_summary
    deps:
    - path: mlops_vera/config.py
      hash: md5
      md5: e4ab3df7df83b24b22e9c8ddc5c00710
      size: 1556
    - path: mlops_vera/modeling/logo_summary.py
      hash: md5
      md5: 22497129b383288a0e7545573666f29c
      size: 1783
    - path: reports/metrics/logo/dalle3.json
      hash: md5
      md5: 59c006cf51f88d2e91002a828c15525f
      size: 872
    - path: reports/metrics/logo/midjourney.json
      hash: md5
      md5: f504286044dc33fe122dbebe383a3a72
      size: 870
    - path: reports/metrics/logo/sd21.json
      hash: md5
      md5: 881b3b5815af976b77f495462d1cf6d7
      size: 871
    - path: reports/metrics/logo/sd3.json
      hash: md5
      md5: a57b48909cad0390e949ce0bf23e64e5
      size: 867
    - path: reports/metrics/logo/sdxl.json
      hash: md5
      md5: ed9c714d219a1e07e3a685b1760ccbd7
      size: 871
    params:
      params.yaml:
        logo.holdout:
        - sd21
        - sdxl
        - sd3
        - dalle3
        - midjourney
        logo.target_balanced_accuracy: 0.7
    outs:
    - path: reports/metrics/logo_summary.json
      hash: md5
      md5: d309fb9a06e3d2fcd3c09987036b3af8
      size: 179
    - path: reports/metrics/logo_table.csv
      hash: md5
      md5: 4edb0aeb8122ee0e45004de140b18531
      size: 1017
  learning_curve:
    cmd: python -m mlops_vera.modeling.learning_curve
    deps:
    - path: data/processed/embeddings
      hash: md5
      md5: 7555c32ba49cc55ecfe988caa564b3ad.dir
      size: 16956065
      nfiles: 4
    - path: data/processed/splits
      hash: md5
      md5: d251caf379d9996e995eee59ff9983b0.dir
      size: 1074722
      nfiles: 3
    - path: mlops_vera/config.py
      hash: md5
      md5: e4ab3df7df83b24b22e9c8ddc5c00710
      size: 1556
    - path: mlops_vera/modeling/captions.py
      hash: md5
      md5: f2fcd746d07d22d50c4bce8a0ec01987
      size: 776
    - path: mlops_vera/modeling/learning_curve.py
      hash: md5
      md5: 6050166ba5d9cc47ab7f30cdb84dac06
      size: 3282
    - path: mlops_vera/modeling/train.py
      hash: md5
      md5: 3927673c05d9fe8b602a9c2ec9ac57f5
      size: 8339
    params:
      params.yaml:
        learning_curve:
          fractions:
          - 0.1
          - 0.25
          - 0.5
          - 0.75
          - 1.0
          n_seeds: 5
        train:
          C: 0.01
          class_weight: balanced
          max_iter: 1000
          seed: 42
    outs:
    - path: reports/metrics/learning_curve.csv
      hash: md5
      md5: 9104666e06d72b17dd0f69ca11edaf6f
      size: 948
